{
    "name": "adv_youtube_download",
    "lockfileVersion": 2,
    "requires": true,
    "packages": {
        "": {
            "dependencies": {
                "axios": "^1.3.5",
                "child_process": "^1.0.2",
                "fs": "^0.0.1-security",
                "node-id3": "^0.2.6",
                "path": "^0.12.7",
                "sharp": "^0.32.0",
                "ytdl-core": "github:khlevon/node-ytdl-core#v4.11.3-patch.1",
                "ytmp3": "file:adv_youtube_download"
            }
        },
        "adv_youtube_download": {
            "version": "1.0.0",
            "dependencies": {
                "axios": "^1.3.5",
                "child_process": "^1.0.2",
                "fs": "^0.0.1-security",
                "node-id3": "^0.2.6",
                "path": "^0.12.7",
                "sharp": "^0.32.0",
                "ytdl-core": "github:khlevon/node-ytdl-core#v4.11.3-patch.1"
            }
        },
        "node_modules/asynckit": {
            "version": "0.4.0",
            "license": "MIT"
        },
        "node_modules/axios": {
            "version": "1.3.5",
            "license": "MIT",
            "dependencies": {
                "follow-redirects": "^1.15.0",
                "form-data": "^4.0.0",
                "proxy-from-env": "^1.1.0"
            }
        },
        "node_modules/base64-js": {
            "version": "1.5.1",
            "funding": [
                {
                    "type": "github",
                    "url": "https://github.com/sponsors/feross"
                },
                {
                    "type": "patreon",
                    "url": "https://www.patreon.com/feross"
                },
                {
                    "type": "consulting",
                    "url": "https://feross.org/support"
                }
            ],
            "license": "MIT"
        },
        "node_modules/bl": {
            "version": "4.1.0",
            "license": "MIT",
            "dependencies": {
                "buffer": "^5.5.0",
                "inherits": "^2.0.4",
                "readable-stream": "^3.4.0"
            }
        },
        "node_modules/buffer": {
            "version": "5.7.1",
            "funding": [
                {
                    "type": "github",
                    "url": "https://github.com/sponsors/feross"
                },
                {
                    "type": "patreon",
                    "url": "https://www.patreon.com/feross"
                },
                {
                    "type": "consulting",
                    "url": "https://feross.org/support"
                }
            ],
            "license": "MIT",
            "dependencies": {
                "base64-js": "^1.3.1",
                "ieee754": "^1.1.13"
            }
        },
        "node_modules/child_process": {
            "version": "1.0.2",
            "license": "ISC"
        },
        "node_modules/chownr": {
            "version": "1.1.4",
            "license": "ISC"
        },
        "node_modules/color": {
            "version": "4.2.3",
            "license": "MIT",
            "dependencies": {
                "color-convert": "^2.0.1",
                "color-string": "^1.9.0"
            },
            "engines": {
                "node": ">=12.5.0"
            }
        },
        "node_modules/color-convert": {
            "version": "2.0.1",
            "license": "MIT",
            "dependencies": {
                "color-name": "~1.1.4"
            },
            "engines": {
                "node": ">=7.0.0"
            }
        },
        "node_modules/color-name": {
            "version": "1.1.4",
            "license": "MIT"
        },
        "node_modules/color-string": {
            "version": "1.9.1",
            "license": "MIT",
            "dependencies": {
                "color-name": "^1.0.0",
                "simple-swizzle": "^0.2.2"
            }
        },
        "node_modules/combined-stream": {
            "version": "1.0.8",
            "license": "MIT",
            "dependencies": {
                "delayed-stream": "~1.0.0"
            },
            "engines": {
                "node": ">= 0.8"
            }
        },
        "node_modules/decompress-response": {
            "version": "6.0.0",
            "license": "MIT",
            "dependencies": {
                "mimic-response": "^3.1.0"
            },
            "engines": {
                "node": ">=10"
            },
            "funding": {
                "url": "https://github.com/sponsors/sindresorhus"
            }
        },
        "node_modules/deep-extend": {
            "version": "0.6.0",
            "license": "MIT",
            "engines": {
                "node": ">=4.0.0"
            }
        },
        "node_modules/delayed-stream": {
            "version": "1.0.0",
            "license": "MIT",
            "engines": {
                "node": ">=0.4.0"
            }
        },
        "node_modules/detect-libc": {
            "version": "2.0.1",
            "license": "Apache-2.0",
            "engines": {
                "node": ">=8"
            }
        },
        "node_modules/end-of-stream": {
            "version": "1.4.4",
            "license": "MIT",
            "dependencies": {
                "once": "^1.4.0"
            }
        },
        "node_modules/expand-template": {
            "version": "2.0.3",
            "license": "(MIT OR WTFPL)",
            "engines": {
                "node": ">=6"
            }
        },
        "node_modules/follow-redirects": {
            "version": "1.15.2",
            "funding": [
                {
                    "type": "individual",
                    "url": "https://github.com/sponsors/RubenVerborgh"
                }
            ],
            "license": "MIT",
            "engines": {
                "node": ">=4.0"
            },
            "peerDependenciesMeta": {
                "debug": {
                    "optional": true
                }
            }
        },
        "node_modules/form-data": {
            "version": "4.0.0",
            "license": "MIT",
            "dependencies": {
                "asynckit": "^0.4.0",
                "combined-stream": "^1.0.8",
                "mime-types": "^2.1.12"
            },
            "engines": {
                "node": ">= 6"
            }
        },
        "node_modules/fs": {
            "version": "0.0.1-security",
            "license": "ISC"
        },
        "node_modules/fs-constants": {
            "version": "1.0.0",
            "license": "MIT"
        },
        "node_modules/github-from-package": {
            "version": "0.0.0",
            "license": "MIT"
        },
        "node_modules/iconv-lite": {
            "version": "0.6.2",
            "license": "MIT",
            "dependencies": {
                "safer-buffer": ">= 2.1.2 < 3.0.0"
            },
            "engines": {
                "node": ">=0.10.0"
            }
        },
        "node_modules/ieee754": {
            "version": "1.2.1",
            "funding": [
                {
                    "type": "github",
                    "url": "https://github.com/sponsors/feross"
                },
                {
                    "type": "patreon",
                    "url": "https://www.patreon.com/feross"
                },
                {
                    "type": "consulting",
                    "url": "https://feross.org/support"
                }
            ],
            "license": "BSD-3-Clause"
        },
        "node_modules/inherits": {
            "version": "2.0.4",
            "license": "ISC"
        },
        "node_modules/ini": {
            "version": "1.3.8",
            "license": "ISC"
        },
        "node_modules/is-arrayish": {
            "version": "0.3.2",
            "license": "MIT"
        },
        "node_modules/lru-cache": {
            "version": "6.0.0",
            "license": "ISC",
            "dependencies": {
                "yallist": "^4.0.0"
            },
            "engines": {
                "node": ">=10"
            }
        },
        "node_modules/m3u8stream": {
            "version": "0.8.6",
            "license": "MIT",
            "dependencies": {
                "miniget": "^4.2.2",
                "sax": "^1.2.4"
            },
            "engines": {
                "node": ">=12"
            }
        },
        "node_modules/mime-db": {
            "version": "1.52.0",
            "license": "MIT",
            "engines": {
                "node": ">= 0.6"
            }
        },
        "node_modules/mime-types": {
            "version": "2.1.35",
            "license": "MIT",
            "dependencies": {
                "mime-db": "1.52.0"
            },
            "engines": {
                "node": ">= 0.6"
            }
        },
        "node_modules/mimic-response": {
            "version": "3.1.0",
            "license": "MIT",
            "engines": {
                "node": ">=10"
            },
            "funding": {
                "url": "https://github.com/sponsors/sindresorhus"
            }
        },
        "node_modules/miniget": {
            "version": "4.2.2",
            "license": "MIT",
            "engines": {
                "node": ">=12"
            }
        },
        "node_modules/minimist": {
            "version": "1.2.8",
            "license": "MIT",
            "funding": {
                "url": "https://github.com/sponsors/ljharb"
            }
        },
        "node_modules/mkdirp-classic": {
            "version": "0.5.3",
            "license": "MIT"
        },
        "node_modules/napi-build-utils": {
            "version": "1.0.2",
            "license": "MIT"
        },
        "node_modules/node-abi": {
            "version": "3.35.0",
            "license": "MIT",
            "dependencies": {
                "semver": "^7.3.5"
            },
            "engines": {
                "node": ">=10"
            }
        },
        "node_modules/node-addon-api": {
            "version": "6.0.0",
            "license": "MIT"
        },
        "node_modules/node-id3": {
            "version": "0.2.6",
            "license": "MIT",
            "dependencies": {
                "iconv-lite": "0.6.2"
            }
        },
        "node_modules/once": {
            "version": "1.4.0",
            "license": "ISC",
            "dependencies": {
                "wrappy": "1"
            }
        },
        "node_modules/path": {
            "version": "0.12.7",
            "license": "MIT",
            "dependencies": {
                "process": "^0.11.1",
                "util": "^0.10.3"
            }
        },
        "node_modules/prebuild-install": {
            "version": "7.1.1",
            "license": "MIT",
            "dependencies": {
                "detect-libc": "^2.0.0",
                "expand-template": "^2.0.3",
                "github-from-package": "0.0.0",
                "minimist": "^1.2.3",
                "mkdirp-classic": "^0.5.3",
                "napi-build-utils": "^1.0.1",
                "node-abi": "^3.3.0",
                "pump": "^3.0.0",
                "rc": "^1.2.7",
                "simple-get": "^4.0.0",
                "tar-fs": "^2.0.0",
                "tunnel-agent": "^0.6.0"
            },
            "bin": {
                "prebuild-install": "bin.js"
            },
            "engines": {
                "node": ">=10"
            }
        },
        "node_modules/process": {
            "version": "0.11.10",
            "license": "MIT",
            "engines": {
                "node": ">= 0.6.0"
            }
        },
        "node_modules/proxy-from-env": {
            "version": "1.1.0",
            "license": "MIT"
        },
        "node_modules/pump": {
            "version": "3.0.0",
            "license": "MIT",
            "dependencies": {
                "end-of-stream": "^1.1.0",
                "once": "^1.3.1"
            }
        },
        "node_modules/rc": {
            "version": "1.2.8",
            "license": "(BSD-2-Clause OR MIT OR Apache-2.0)",
            "dependencies": {
                "deep-extend": "^0.6.0",
                "ini": "~1.3.0",
                "minimist": "^1.2.0",
                "strip-json-comments": "~2.0.1"
            },
            "bin": {
                "rc": "cli.js"
            }
        },
        "node_modules/readable-stream": {
            "version": "3.6.2",
            "license": "MIT",
            "dependencies": {
                "inherits": "^2.0.3",
                "string_decoder": "^1.1.1",
                "util-deprecate": "^1.0.1"
            },
            "engines": {
                "node": ">= 6"
            }
        },
        "node_modules/safe-buffer": {
            "version": "5.2.1",
            "funding": [
                {
                    "type": "github",
                    "url": "https://github.com/sponsors/feross"
                },
                {
                    "type": "patreon",
                    "url": "https://www.patreon.com/feross"
                },
                {
                    "type": "consulting",
                    "url": "https://feross.org/support"
                }
            ],
            "license": "MIT"
        },
        "node_modules/safer-buffer": {
            "version": "2.1.2",
            "license": "MIT"
        },
        "node_modules/sax": {
            "version": "1.2.4",
            "license": "ISC"
        },
        "node_modules/semver": {
            "version": "7.3.8",
            "license": "ISC",
            "dependencies": {
                "lru-cache": "^6.0.0"
            },
            "bin": {
                "semver": "bin/semver.js"
            },
            "engines": {
                "node": ">=10"
            }
        },
        "node_modules/sharp": {
            "version": "0.32.0",
            "hasInstallScript": true,
            "license": "Apache-2.0",
            "dependencies": {
                "color": "^4.2.3",
                "detect-libc": "^2.0.1",
                "node-addon-api": "^6.0.0",
                "prebuild-install": "^7.1.1",
                "semver": "^7.3.8",
                "simple-get": "^4.0.1",
                "tar-fs": "^2.1.1",
                "tunnel-agent": "^0.6.0"
            },
            "engines": {
                "node": ">=14.15.0"
            },
            "funding": {
                "url": "https://opencollective.com/libvips"
            }
        },
        "node_modules/simple-concat": {
            "version": "1.0.1",
            "funding": [
                {
                    "type": "github",
                    "url": "https://github.com/sponsors/feross"
                },
                {
                    "type": "patreon",
                    "url": "https://www.patreon.com/feross"
                },
                {
                    "type": "consulting",
                    "url": "https://feross.org/support"
                }
            ],
            "license": "MIT"
        },
        "node_modules/simple-get": {
            "version": "4.0.1",
            "funding": [
                {
                    "type": "github",
                    "url": "https://github.com/sponsors/feross"
                },
                {
                    "type": "patreon",
                    "url": "https://www.patreon.com/feross"
                },
                {
                    "type": "consulting",
                    "url": "https://feross.org/support"
                }
            ],
            "license": "MIT",
            "dependencies": {
                "decompress-response": "^6.0.0",
                "once": "^1.3.1",
                "simple-concat": "^1.0.0"
            }
        },
        "node_modules/simple-swizzle": {
            "version": "0.2.2",
            "license": "MIT",
            "dependencies": {
                "is-arrayish": "^0.3.1"
            }
        },
        "node_modules/string_decoder": {
            "version": "1.3.0",
            "license": "MIT",
            "dependencies": {
                "safe-buffer": "~5.2.0"
            }
        },
        "node_modules/strip-json-comments": {
            "version": "2.0.1",
            "license": "MIT",
            "engines": {
                "node": ">=0.10.0"
            }
        },
        "node_modules/tar-fs": {
            "version": "2.1.1",
            "license": "MIT",
            "dependencies": {
                "chownr": "^1.1.1",
                "mkdirp-classic": "^0.5.2",
                "pump": "^3.0.0",
                "tar-stream": "^2.1.4"
            }
        },
        "node_modules/tar-stream": {
            "version": "2.2.0",
            "license": "MIT",
            "dependencies": {
                "bl": "^4.0.3",
                "end-of-stream": "^1.4.1",
                "fs-constants": "^1.0.0",
                "inherits": "^2.0.3",
                "readable-stream": "^3.1.1"
            },
            "engines": {
                "node": ">=6"
            }
        },
        "node_modules/tunnel-agent": {
            "version": "0.6.0",
            "license": "Apache-2.0",
            "dependencies": {
                "safe-buffer": "^5.0.1"
            },
            "engines": {
                "node": "*"
            }
        },
        "node_modules/util": {
            "version": "0.10.4",
            "license": "MIT",
            "dependencies": {
                "inherits": "2.0.3"
            }
        },
        "node_modules/util-deprecate": {
            "version": "1.0.2",
            "license": "MIT"
        },
        "node_modules/util/node_modules/inherits": {
            "version": "2.0.3",
            "license": "ISC"
        },
        "node_modules/wrappy": {
            "version": "1.0.2",
            "license": "ISC"
        },
        "node_modules/yallist": {
            "version": "4.0.0",
            "license": "ISC"
        },
        "node_modules/ytdl-core": {
            "version": "0.0.0-development",
            "resolved": "git+ssh://git@github.com/khlevon/node-ytdl-core.git#586971bd9aeda1cbb4600851cfef82a809833ac2",
            "license": "MIT",
            "dependencies": {
                "m3u8stream": "^0.8.6",
                "miniget": "^4.2.2",
                "sax": "^1.1.3"
            },
            "engines": {
                "node": ">=12"
            }
        },
        "node_modules/ytmp3": {
            "resolved": "adv_youtube_download",
            "link": true
        }
    },
    "dependencies": {
        "asynckit": {
            "version": "0.4.0"
        },
        "axios": {
            "version": "1.3.5",
            "requires": {
                "follow-redirects": "^1.15.0",
                "form-data": "^4.0.0",
                "proxy-from-env": "^1.1.0"
            }
        },
        "base64-js": {
            "version": "1.5.1"
        },
        "bl": {
            "version": "4.1.0",
            "requires": {
                "buffer": "^5.5.0",
                "inherits": "^2.0.4",
                "readable-stream": "^3.4.0"
            }
        },
        "buffer": {
            "version": "5.7.1",
            "requires": {
                "base64-js": "^1.3.1",
                "ieee754": "^1.1.13"
            }
        },
        "child_process": {
            "version": "1.0.2"
        },
        "chownr": {
            "version": "1.1.4"
        },
        "color": {
            "version": "4.2.3",
            "requires": {
                "color-convert": "^2.0.1",
                "color-string": "^1.9.0"
            }
        },
        "color-convert": {
            "version": "2.0.1",
            "requires": {
                "color-name": "~1.1.4"
            }
        },
        "color-name": {
            "version": "1.1.4"
        },
        "color-string": {
            "version": "1.9.1",
            "requires": {
                "color-name": "^1.0.0",
                "simple-swizzle": "^0.2.2"
            }
        },
        "combined-stream": {
            "version": "1.0.8",
            "requires": {
                "delayed-stream": "~1.0.0"
            }
        },
        "decompress-response": {
            "version": "6.0.0",
            "requires": {
                "mimic-response": "^3.1.0"
            }
        },
        "deep-extend": {
            "version": "0.6.0"
        },
        "delayed-stream": {
            "version": "1.0.0"
        },
        "detect-libc": {
            "version": "2.0.1"
        },
        "end-of-stream": {
            "version": "1.4.4",
            "requires": {
                "once": "^1.4.0"
            }
        },
        "expand-template": {
            "version": "2.0.3"
        },
        "follow-redirects": {
            "version": "1.15.2"
        },
        "form-data": {
            "version": "4.0.0",
            "requires": {
                "asynckit": "^0.4.0",
                "combined-stream": "^1.0.8",
                "mime-types": "^2.1.12"
            }
        },
        "fs": {
            "version": "0.0.1-security"
        },
        "fs-constants": {
            "version": "1.0.0"
        },
        "github-from-package": {
            "version": "0.0.0"
        },
        "iconv-lite": {
            "version": "0.6.2",
            "requires": {
                "safer-buffer": ">= 2.1.2 < 3.0.0"
            }
        },
        "ieee754": {
            "version": "1.2.1"
        },
        "inherits": {
            "version": "2.0.4"
        },
        "ini": {
            "version": "1.3.8"
        },
        "is-arrayish": {
            "version": "0.3.2"
        },
        "lru-cache": {
            "version": "6.0.0",
            "requires": {
                "yallist": "^4.0.0"
            }
        },
        "m3u8stream": {
            "version": "0.8.6",
            "requires": {
                "miniget": "^4.2.2",
                "sax": "^1.2.4"
            }
        },
        "mime-db": {
            "version": "1.52.0"
        },
        "mime-types": {
            "version": "2.1.35",
            "requires": {
                "mime-db": "1.52.0"
            }
        },
        "mimic-response": {
            "version": "3.1.0"
        },
        "miniget": {
            "version": "4.2.2"
        },
        "minimist": {
            "version": "1.2.8"
        },
        "mkdirp-classic": {
            "version": "0.5.3"
        },
        "napi-build-utils": {
            "version": "1.0.2"
        },
        "node-abi": {
            "version": "3.35.0",
            "requires": {
                "semver": "^7.3.5"
            }
        },
        "node-addon-api": {
            "version": "6.0.0"
        },
        "node-id3": {
            "version": "0.2.6",
            "requires": {
                "iconv-lite": "0.6.2"
            }
        },
        "once": {
            "version": "1.4.0",
            "requires": {
                "wrappy": "1"
            }
        },
        "path": {
            "version": "0.12.7",
            "requires": {
                "process": "^0.11.1",
                "util": "^0.10.3"
            }
        },
        "prebuild-install": {
            "version": "7.1.1",
            "requires": {
                "detect-libc": "^2.0.0",
                "expand-template": "^2.0.3",
                "github-from-package": "0.0.0",
                "minimist": "^1.2.3",
                "mkdirp-classic": "^0.5.3",
                "napi-build-utils": "^1.0.1",
                "node-abi": "^3.3.0",
                "pump": "^3.0.0",
                "rc": "^1.2.7",
                "simple-get": "^4.0.0",
                "tar-fs": "^2.0.0",
                "tunnel-agent": "^0.6.0"
            }
        },
        "process": {
            "version": "0.11.10"
        },
        "proxy-from-env": {
            "version": "1.1.0"
        },
        "pump": {
            "version": "3.0.0",
            "requires": {
                "end-of-stream": "^1.1.0",
                "once": "^1.3.1"
            }
        },
        "rc": {
            "version": "1.2.8",
            "requires": {
                "deep-extend": "^0.6.0",
                "ini": "~1.3.0",
                "minimist": "^1.2.0",
                "strip-json-comments": "~2.0.1"
            }
        },
        "readable-stream": {
            "version": "3.6.2",
            "requires": {
                "inherits": "^2.0.3",
                "string_decoder": "^1.1.1",
                "util-deprecate": "^1.0.1"
            }
        },
        "safe-buffer": {
            "version": "5.2.1"
        },
        "safer-buffer": {
            "version": "2.1.2"
        },
        "sax": {
            "version": "1.2.4"
        },
        "semver": {
            "version": "7.3.8",
            "requires": {
                "lru-cache": "^6.0.0"
            }
        },
        "sharp": {
            "version": "0.32.0",
            "requires": {
                "color": "^4.2.3",
                "detect-libc": "^2.0.1",
                "node-addon-api": "^6.0.0",
                "prebuild-install": "^7.1.1",
                "semver": "^7.3.8",
                "simple-get": "^4.0.1",
                "tar-fs": "^2.1.1",
                "tunnel-agent": "^0.6.0"
            }
        },
        "simple-concat": {
            "version": "1.0.1"
        },
        "simple-get": {
            "version": "4.0.1",
            "requires": {
                "decompress-response": "^6.0.0",
                "once": "^1.3.1",
                "simple-concat": "^1.0.0"
            }
        },
        "simple-swizzle": {
            "version": "0.2.2",
            "requires": {
                "is-arrayish": "^0.3.1"
            }
        },
        "string_decoder": {
            "version": "1.3.0",
            "requires": {
                "safe-buffer": "~5.2.0"
            }
        },
        "strip-json-comments": {
            "version": "2.0.1"
        },
        "tar-fs": {
            "version": "2.1.1",
            "requires": {
                "chownr": "^1.1.1",
                "mkdirp-classic": "^0.5.2",
                "pump": "^3.0.0",
                "tar-stream": "^2.1.4"
            }
        },
        "tar-stream": {
            "version": "2.2.0",
            "requires": {
                "bl": "^4.0.3",
                "end-of-stream": "^1.4.1",
                "fs-constants": "^1.0.0",
                "inherits": "^2.0.3",
                "readable-stream": "^3.1.1"
            }
        },
        "tunnel-agent": {
            "version": "0.6.0",
            "requires": {
                "safe-buffer": "^5.0.1"
            }
        },
        "util": {
            "version": "0.10.4",
            "requires": {
                "inherits": "2.0.3"
            },
            "dependencies": {
                "inherits": {
                    "version": "2.0.3"
                }
            }
        },
        "util-deprecate": {
            "version": "1.0.2"
        },
        "wrappy": {
            "version": "1.0.2"
        },
        "yallist": {
            "version": "4.0.0"
        },
        "ytdl-core": {
            "version": "git+ssh://git@github.com/khlevon/node-ytdl-core.git#586971bd9aeda1cbb4600851cfef82a809833ac2",
            "from": "ytdl-core@github:khlevon/node-ytdl-core#v4.11.3-patch.1",
            "requires": {
                "m3u8stream": "^0.8.6",
                "miniget": "^4.2.2",
                "sax": "^1.1.3"
            }
        },
        "ytmp3": {
            "version": "file:adv_youtube_download",
            "requires": {
                "axios": "^1.3.5",
                "child_process": "^1.0.2",
                "fs": "^0.0.1-security",
                "node-id3": "^0.2.6",
                "path": "^0.12.7",
                "sharp": "^0.32.0",
                "ytdl-core": "github:khlevon/node-ytdl-core#v4.11.3-patch.1"
            }
        }
    }
}
